
Microsoft Visual Studio Solution File, Format Version 12.00
# Visual Studio Version 17
VisualStudioVersion = 17.11.35303.130
MinimumVisualStudioVersion = 10.0.40219.1
Project("{FAE04EC0-301F-11D3-BF4B-00C04F79EFBC}") = "hangfire-demo", "hangfire-demo\hangfire-demo.csproj", "{C2C81939-C5FD-4580-B268-E38EEE832D97}"
EndProject
Global
	GlobalSection(SolutionConfigurationPlatforms) = preSolution
		Debug|Any CPU = Debug|Any CPU
		Release|Any CPU = Release|Any CPU
	EndGlobalSection
	GlobalSection(ProjectConfigurationPlatforms) = postSolution
		{C2C81939-C5FD-4580-B268-E38EEE832D97}.Debug|Any CPU.ActiveCfg = Debug|Any CPU
		{C2C81939-C5FD-4580-B268-E38EEE832D97}.Debug|Any CPU.Build.0 = Debug|Any CPU
		{C2C81939-C5FD-4580-B268-E38EEE832D97}.Release|Any CPU.ActiveCfg = Release|Any CPU
		{C2C81939-C5FD-4580-B268-E38EEE832D97}.Release|Any CPU.Build.0 = Release|Any CPU
	EndGlobalSection
	GlobalSection(SolutionProperties) = preSolution
		HideSolutionNode = FALSE
	EndGlobalSection
	GlobalSection(ExtensibilityGlobals) = postSolution
		SolutionGuid = {DFE84B2D-D781-495F-8233-1D238D3AD8D3}
	EndGlobalSection
EndGlobal
